{
  "version": 4,
  "terraform_version": "1.9.8",
  "serial": 7,
  "lineage": "9325bfb3-7f57-1588-577a-488437986e85",
  "outputs": {},
  "resources": [
    {
      "mode": "managed",
      "type": "aws_route53_zone",
      "name": "main",
      "provider": "provider[\"registry.terraform.io/hashicorp/aws\"]",
      "instances": [
        {
          "schema_version": 0,
          "attributes": {
            "arn": "arn:aws:route53:::hostedzone/Z02187622TFEQKVKAKS4W",
            "comment": "Managed by Terraform",
            "delegation_set_id": "",
            "force_destroy": false,
            "id": "Z02187622TFEQKVKAKS4W",
            "name": "limorstatuspage.ddns.net",
            "name_servers": [
              "ns-1323.awsdns-37.org",
              "ns-193.awsdns-24.com",
              "ns-1942.awsdns-50.co.uk",
              "ns-979.awsdns-58.net"
            ],
            "primary_name_server": "ns-979.awsdns-58.net",
            "tags": {},
            "tags_all": {},
            "vpc": [],
            "zone_id": "Z02187622TFEQKVKAKS4W"
          },
          "sensitive_attributes": [],
          "private": "bnVsbA=="
        }
      ]
    }
  ],
  "check_results": null
}
