{
  "version": 4,
  "terraform_version": "1.9.8",
  "serial": 12,
  "lineage": "a4641ead-cbcf-4dea-dcf7-ba654c785acb",
  "outputs": {},
  "resources": [
    {
      "mode": "data",
      "type": "aws_eks_cluster",
      "name": "eks",
      "provider": "provider[\"registry.terraform.io/hashicorp/aws\"]",
      "instances": [
        {
          "schema_version": 0,
          "attributes": {
            "access_config": [
              {
                "authentication_mode": "CONFIG_MAP",
                "bootstrap_cluster_creator_admin_permissions": true
              }
            ],
            "arn": "arn:aws:eks:us-east-1:992382545251:cluster/limor-cluster",
            "certificate_authority": [
              {
                "data": "LS0tLS1CRUdJTiBDRVJUSUZJQ0FURS0tLS0tCk1JSURCVENDQWUyZ0F3SUJBZ0lJSFkrOWtldS85RXd3RFFZSktvWklodmNOQVFFTEJRQXdGVEVUTUJFR0ExVUUKQXhNS2EzVmlaWEp1WlhSbGN6QWVGdzB5TkRFd016RXdPVEl4TWpkYUZ3MHpOREV3TWprd09USTJNamRhTUJVeApFekFSQmdOVkJBTVRDbXQxWW1WeWJtVjBaWE13Z2dFaU1BMEdDU3FHU0liM0RRRUJBUVVBQTRJQkR3QXdnZ0VLCkFvSUJBUUNwc3VaQytxTjlGb2dIbTE1ZW5MNGx2RnVRb1lKRzZaTnd3bzV2NzNyYVR4OHJ6bkx3N1AydGZCNjIKcG9ldHE2Z3Jta0JBOHhxODN5ZS91VXlkOVhwVjhiaVQxVHZoalRPcFh3VlM0cXhGcGtyVEVkUHdGN01mcEd6Mgo2bnhYUjNMbEl4anhUR21kSm9STkhJMXlFY2Z2aS9ZL3Q2WE5HUUdmK3dMVXBZeEJIWFUxUXJZc2FwVEZaSGVJCmJtTjFhUUgwdTBWMmJHWDRvOVpvNk5qdHZRWm9vM3NUU0hsamI1THd1MTVwOFpFWDlqZXdzQlNsclVXOWoxelcKOXJkb1gzMnFqWWQvMklxM2J1eEdZMDV0YlZiRUduYS9OL29tZi9nWlArSXpuZGdyRVlIcC9nYUNMVWpYTmVVUworNVV6cWE0OXVEZk9vbFpLdE15aTZMWVFVSUw3QWdNQkFBR2pXVEJYTUE0R0ExVWREd0VCL3dRRUF3SUNwREFQCkJnTlZIUk1CQWY4RUJUQURBUUgvTUIwR0ExVWREZ1FXQkJRUDR3aG9OK2VOMEx2RU5TUkFjdXd2ZEticzRUQVYKQmdOVkhSRUVEakFNZ2dwcmRXSmxjbTVsZEdWek1BMEdDU3FHU0liM0RRRUJDd1VBQTRJQkFRQ2k0YVNVZ3lITQo3TVltZnlCUVQzRzZWb3RBWXF4TzNDOTBOU2JFbEtFcThOZmFmZ2lvTmg0bG9YbXhINC80SGliSEdBSlNidU5TCmIyK2FWMU1iNDJISndXT2lvMWl2Wi9GVEU5MHkzUHhkNUNtK1lGT0tTWGFFc004T0xZT0ZONmZoaFlkT0pPVTYKRlpTOFBldzcrYy91cXJTRHdHcDFBYWp5V21DZTNtTGhyVjNwenFGZlE1dTlpRldBam03SUdOUFVRdnBSdjFSawo1enpaOXhqQ084VFk3YmgwZjdVY1R1MTBheHNIa1JNYnUxNFlUTlk4ZTdid21lR2JSYUNzRndxWGNEdDBUaWVICkp4aVc1QWtYSDJSTlROeENvY0Z4ODRFRTJCOUFDbk5PYWwyQlVmeEpqSlA2RTZuRHFiNHhFNXREUUZsMTBOUmQKVWcxSjZCQWxoUUIyCi0tLS0tRU5EIENFUlRJRklDQVRFLS0tLS0K"
              }
            ],
            "cluster_id": null,
            "created_at": "2024-10-31T09:21:05Z",
            "enabled_cluster_log_types": [
              "api",
              "audit",
              "authenticator",
              "controllerManager",
              "scheduler"
            ],
            "endpoint": "https://D7FBB71A63680A882AC207D6D4D0DE2F.gr7.us-east-1.eks.amazonaws.com",
            "id": "limor-cluster",
            "identity": [
              {
                "oidc": [
                  {
                    "issuer": "https://oidc.eks.us-east-1.amazonaws.com/id/D7FBB71A63680A882AC207D6D4D0DE2F"
                  }
                ]
              }
            ],
            "kubernetes_network_config": [
              {
                "ip_family": "ipv4",
                "service_ipv4_cidr": "172.20.0.0/16",
                "service_ipv6_cidr": ""
              }
            ],
            "name": "limor-cluster",
            "outpost_config": [],
            "platform_version": "eks.6",
            "role_arn": "arn:aws:iam::992382545251:role/limor-cluster-role",
            "status": "ACTIVE",
            "tags": {},
            "upgrade_policy": [
              {
                "support_type": "EXTENDED"
              }
            ],
            "version": "1.31",
            "vpc_config": [
              {
                "cluster_security_group_id": "sg-02ae6d0528d8ad678",
                "endpoint_private_access": true,
                "endpoint_public_access": false,
                "public_access_cidrs": [],
                "security_group_ids": [
                  "sg-07d6b3c935bce80b2"
                ],
                "subnet_ids": [
                  "subnet-04a525fe041945cf0",
                  "subnet-0f436d38bb8f0ac97"
                ],
                "vpc_id": "vpc-0adf5159595ef567c"
              }
            ]
          },
          "sensitive_attributes": []
        }
      ]
    },
    {
      "mode": "data",
      "type": "aws_eks_cluster_auth",
      "name": "eks",
      "provider": "provider[\"registry.terraform.io/hashicorp/aws\"]",
      "instances": [
        {
          "schema_version": 0,
          "attributes": {
            "id": "limor-cluster",
            "name": "limor-cluster",
            "token": "k8s-aws-v1.aHR0cHM6Ly9zdHMudXMtZWFzdC0xLmFtYXpvbmF3cy5jb20vP0FjdGlvbj1HZXRDYWxsZXJJZGVudGl0eSZWZXJzaW9uPTIwMTEtMDYtMTUmWC1BbXotQWxnb3JpdGhtPUFXUzQtSE1BQy1TSEEyNTYmWC1BbXotQ3JlZGVudGlhbD1BS0lBNk9EVTM1VlJaWjJMTUk3MiUyRjIwMjQxMTAyJTJGdXMtZWFzdC0xJTJGc3RzJTJGYXdzNF9yZXF1ZXN0JlgtQW16LURhdGU9MjAyNDExMDJUMTg1NzI3WiZYLUFtei1FeHBpcmVzPTAmWC1BbXotU2lnbmVkSGVhZGVycz1ob3N0JTNCeC1rOHMtYXdzLWlkJlgtQW16LVNpZ25hdHVyZT1iZTFiYTIwYzA0OTgxMzhhYTA0ODEzYWY3NTBkNmNhOGVjNzI3M2UzZjVmOWQ4YTc0ZWQwZWZiZTJiMmYwNTEx"
          },
          "sensitive_attributes": [
            [
              {
                "type": "get_attr",
                "value": "token"
              }
            ]
          ]
        }
      ]
    },
    {
      "mode": "data",
      "type": "aws_subnet",
      "name": "private_subnets",
      "provider": "provider[\"registry.terraform.io/hashicorp/aws\"]",
      "instances": [
        {
          "index_key": "subnet-04a525fe041945cf0",
          "schema_version": 0,
          "attributes": {
            "arn": "arn:aws:ec2:us-east-1:992382545251:subnet/subnet-04a525fe041945cf0",
            "assign_ipv6_address_on_creation": false,
            "availability_zone": "us-east-1a",
            "availability_zone_id": "use1-az1",
            "available_ip_address_count": 226,
            "cidr_block": "10.0.3.0/24",
            "customer_owned_ipv4_pool": "",
            "default_for_az": false,
            "enable_dns64": false,
            "enable_lni_at_device_index": 0,
            "enable_resource_name_dns_a_record_on_launch": false,
            "enable_resource_name_dns_aaaa_record_on_launch": false,
            "filter": null,
            "id": "subnet-04a525fe041945cf0",
            "ipv6_cidr_block": "",
            "ipv6_cidr_block_association_id": "",
            "ipv6_native": false,
            "map_customer_owned_ip_on_launch": false,
            "map_public_ip_on_launch": false,
            "outpost_arn": "",
            "owner_id": "992382545251",
            "private_dns_hostname_type_on_launch": "ip-name",
            "state": "available",
            "tags": {
              "Name": "limor-private-subnet-1"
            },
            "timeouts": null,
            "vpc_id": "vpc-0adf5159595ef567c"
          },
          "sensitive_attributes": []
        },
        {
          "index_key": "subnet-0f436d38bb8f0ac97",
          "schema_version": 0,
          "attributes": {
            "arn": "arn:aws:ec2:us-east-1:992382545251:subnet/subnet-0f436d38bb8f0ac97",
            "assign_ipv6_address_on_creation": false,
            "availability_zone": "us-east-1b",
            "availability_zone_id": "use1-az2",
            "available_ip_address_count": 236,
            "cidr_block": "10.0.4.0/24",
            "customer_owned_ipv4_pool": "",
            "default_for_az": false,
            "enable_dns64": false,
            "enable_lni_at_device_index": 0,
            "enable_resource_name_dns_a_record_on_launch": false,
            "enable_resource_name_dns_aaaa_record_on_launch": false,
            "filter": null,
            "id": "subnet-0f436d38bb8f0ac97",
            "ipv6_cidr_block": "",
            "ipv6_cidr_block_association_id": "",
            "ipv6_native": false,
            "map_customer_owned_ip_on_launch": false,
            "map_public_ip_on_launch": false,
            "outpost_arn": "",
            "owner_id": "992382545251",
            "private_dns_hostname_type_on_launch": "ip-name",
            "state": "available",
            "tags": {
              "Name": "limor-private-subnet-2"
            },
            "timeouts": null,
            "vpc_id": "vpc-0adf5159595ef567c"
          },
          "sensitive_attributes": []
        }
      ]
    },
    {
      "mode": "data",
      "type": "aws_subnet",
      "name": "public_subnets",
      "provider": "provider[\"registry.terraform.io/hashicorp/aws\"]",
      "instances": [
        {
          "index_key": "subnet-01891e293224bd322",
          "schema_version": 0,
          "attributes": {
            "arn": "arn:aws:ec2:us-east-1:992382545251:subnet/subnet-01891e293224bd322",
            "assign_ipv6_address_on_creation": false,
            "availability_zone": "us-east-1b",
            "availability_zone_id": "use1-az2",
            "available_ip_address_count": 249,
            "cidr_block": "10.0.2.0/24",
            "customer_owned_ipv4_pool": "",
            "default_for_az": false,
            "enable_dns64": false,
            "enable_lni_at_device_index": 0,
            "enable_resource_name_dns_a_record_on_launch": false,
            "enable_resource_name_dns_aaaa_record_on_launch": false,
            "filter": null,
            "id": "subnet-01891e293224bd322",
            "ipv6_cidr_block": "",
            "ipv6_cidr_block_association_id": "",
            "ipv6_native": false,
            "map_customer_owned_ip_on_launch": false,
            "map_public_ip_on_launch": true,
            "outpost_arn": "",
            "owner_id": "992382545251",
            "private_dns_hostname_type_on_launch": "ip-name",
            "state": "available",
            "tags": {
              "Name": "limor-public-subnet-2"
            },
            "timeouts": null,
            "vpc_id": "vpc-0adf5159595ef567c"
          },
          "sensitive_attributes": []
        },
        {
          "index_key": "subnet-0ac228099a9446754",
          "schema_version": 0,
          "attributes": {
            "arn": "arn:aws:ec2:us-east-1:992382545251:subnet/subnet-0ac228099a9446754",
            "assign_ipv6_address_on_creation": false,
            "availability_zone": "us-east-1a",
            "availability_zone_id": "use1-az1",
            "available_ip_address_count": 245,
            "cidr_block": "10.0.1.0/24",
            "customer_owned_ipv4_pool": "",
            "default_for_az": false,
            "enable_dns64": false,
            "enable_lni_at_device_index": 0,
            "enable_resource_name_dns_a_record_on_launch": false,
            "enable_resource_name_dns_aaaa_record_on_launch": false,
            "filter": null,
            "id": "subnet-0ac228099a9446754",
            "ipv6_cidr_block": "",
            "ipv6_cidr_block_association_id": "",
            "ipv6_native": false,
            "map_customer_owned_ip_on_launch": false,
            "map_public_ip_on_launch": true,
            "outpost_arn": "",
            "owner_id": "992382545251",
            "private_dns_hostname_type_on_launch": "ip-name",
            "state": "available",
            "tags": {
              "Name": "limor-public-subnet-1"
            },
            "timeouts": null,
            "vpc_id": "vpc-0adf5159595ef567c"
          },
          "sensitive_attributes": []
        }
      ]
    },
    {
      "mode": "data",
      "type": "aws_vpc",
      "name": "existing_vpc",
      "provider": "provider[\"registry.terraform.io/hashicorp/aws\"]",
      "instances": [
        {
          "schema_version": 0,
          "attributes": {
            "arn": "arn:aws:ec2:us-east-1:992382545251:vpc/vpc-0adf5159595ef567c",
            "cidr_block": "10.0.0.0/16",
            "cidr_block_associations": [
              {
                "association_id": "vpc-cidr-assoc-063dcafb7f62cb3f6",
                "cidr_block": "10.0.0.0/16",
                "state": "associated"
              }
            ],
            "default": false,
            "dhcp_options_id": "dopt-0c7c69517f17e01b7",
            "enable_dns_hostnames": true,
            "enable_dns_support": true,
            "enable_network_address_usage_metrics": false,
            "filter": null,
            "id": "vpc-0adf5159595ef567c",
            "instance_tenancy": "default",
            "ipv6_association_id": "",
            "ipv6_cidr_block": "",
            "main_route_table_id": "rtb-0e3fe33cb9b0beea7",
            "owner_id": "992382545251",
            "state": null,
            "tags": {
              "Name": "Limor-status-page"
            },
            "timeouts": null
          },
          "sensitive_attributes": []
        }
      ]
    },
    {
      "mode": "managed",
      "type": "aws_lb",
      "name": "application_load_balancer",
      "provider": "provider[\"registry.terraform.io/hashicorp/aws\"]",
      "instances": [
        {
          "schema_version": 0,
          "attributes": {
            "access_logs": [
              {
                "bucket": "",
                "enabled": false,
                "prefix": ""
              }
            ],
            "arn": "arn:aws:elasticloadbalancing:us-east-1:992382545251:loadbalancer/app/limor-cluster-alb/41fefb5752105186",
            "arn_suffix": "app/limor-cluster-alb/41fefb5752105186",
            "client_keep_alive": 3600,
            "connection_logs": [
              {
                "bucket": "",
                "enabled": false,
                "prefix": ""
              }
            ],
            "customer_owned_ipv4_pool": "",
            "desync_mitigation_mode": "defensive",
            "dns_name": "limor-cluster-alb-502330125.us-east-1.elb.amazonaws.com",
            "dns_record_client_routing_policy": null,
            "drop_invalid_header_fields": false,
            "enable_cross_zone_load_balancing": true,
            "enable_deletion_protection": false,
            "enable_http2": true,
            "enable_tls_version_and_cipher_suite_headers": false,
            "enable_waf_fail_open": false,
            "enable_xff_client_port": false,
            "enable_zonal_shift": null,
            "enforce_security_group_inbound_rules_on_private_link_traffic": "",
            "id": "arn:aws:elasticloadbalancing:us-east-1:992382545251:loadbalancer/app/limor-cluster-alb/41fefb5752105186",
            "idle_timeout": 60,
            "internal": false,
            "ip_address_type": "ipv4",
            "load_balancer_type": "application",
            "name": "limor-cluster-alb",
            "name_prefix": "",
            "preserve_host_header": false,
            "security_groups": [
              "sg-0c14ab35026e2385a"
            ],
            "subnet_mapping": [
              {
                "allocation_id": "",
                "ipv6_address": "",
                "outpost_id": "",
                "private_ipv4_address": "",
                "subnet_id": "subnet-01891e293224bd322"
              },
              {
                "allocation_id": "",
                "ipv6_address": "",
                "outpost_id": "",
                "private_ipv4_address": "",
                "subnet_id": "subnet-0ac228099a9446754"
              }
            ],
            "subnets": [
              "subnet-01891e293224bd322",
              "subnet-0ac228099a9446754"
            ],
            "tags": {
              "Name": "limor-cluster-alb"
            },
            "tags_all": {
              "Name": "limor-cluster-alb"
            },
            "timeouts": null,
            "vpc_id": "vpc-0adf5159595ef567c",
            "xff_header_processing_mode": "append",
            "zone_id": "Z35SXDOTRQ7X7K"
          },
          "sensitive_attributes": [],
          "private": "eyJlMmJmYjczMC1lY2FhLTExZTYtOGY4OC0zNDM2M2JjN2M0YzAiOnsiY3JlYXRlIjo2MDAwMDAwMDAwMDAsImRlbGV0ZSI6NjAwMDAwMDAwMDAwLCJ1cGRhdGUiOjYwMDAwMDAwMDAwMH19",
          "dependencies": [
            "aws_security_group.alb_sg",
            "data.aws_subnet.public_subnets",
            "data.aws_vpc.existing_vpc"
          ]
        }
      ]
    },
    {
      "mode": "managed",
      "type": "aws_lb_listener",
      "name": "alb_http_listener",
      "provider": "provider[\"registry.terraform.io/hashicorp/aws\"]",
      "instances": [
        {
          "schema_version": 0,
          "attributes": {
            "alpn_policy": null,
            "arn": "arn:aws:elasticloadbalancing:us-east-1:992382545251:listener/app/limor-cluster-alb/41fefb5752105186/e6c28418ca2e70a1",
            "certificate_arn": null,
            "default_action": [
              {
                "authenticate_cognito": [],
                "authenticate_oidc": [],
                "fixed_response": [],
                "forward": [],
                "order": 1,
                "redirect": [
                  {
                    "host": "#{host}",
                    "path": "/#{path}",
                    "port": "443",
                    "protocol": "HTTPS",
                    "query": "#{query}",
                    "status_code": "HTTP_301"
                  }
                ],
                "target_group_arn": "",
                "type": "redirect"
              }
            ],
            "id": "arn:aws:elasticloadbalancing:us-east-1:992382545251:listener/app/limor-cluster-alb/41fefb5752105186/e6c28418ca2e70a1",
            "load_balancer_arn": "arn:aws:elasticloadbalancing:us-east-1:992382545251:loadbalancer/app/limor-cluster-alb/41fefb5752105186",
            "mutual_authentication": [],
            "port": 80,
            "protocol": "HTTP",
            "ssl_policy": "",
            "tags": null,
            "tags_all": {},
            "tcp_idle_timeout_seconds": null,
            "timeouts": null
          },
          "sensitive_attributes": [],
          "private": "eyJlMmJmYjczMC1lY2FhLTExZTYtOGY4OC0zNDM2M2JjN2M0YzAiOnsiY3JlYXRlIjozMDAwMDAwMDAwMDAsInVwZGF0ZSI6MzAwMDAwMDAwMDAwfX0=",
          "dependencies": [
            "aws_lb.application_load_balancer",
            "aws_security_group.alb_sg",
            "data.aws_subnet.public_subnets",
            "data.aws_vpc.existing_vpc"
          ]
        }
      ]
    },
    {
      "mode": "managed",
      "type": "aws_lb_listener",
      "name": "alb_https_listener",
      "provider": "provider[\"registry.terraform.io/hashicorp/aws\"]",
      "instances": [
        {
          "schema_version": 0,
          "attributes": {
            "alpn_policy": null,
            "arn": "arn:aws:elasticloadbalancing:us-east-1:992382545251:listener/app/limor-cluster-alb/41fefb5752105186/29d36090392232b3",
            "certificate_arn": "arn:aws:acm:us-east-1:992382545251:certificate/ded63588-718d-4d09-93ad-f660877e4a55",
            "default_action": [
              {
                "authenticate_cognito": [],
                "authenticate_oidc": [],
                "fixed_response": [],
                "forward": [],
                "order": 1,
                "redirect": [],
                "target_group_arn": "arn:aws:elasticloadbalancing:us-east-1:992382545251:targetgroup/limor-cluster-nginx-tg/b35f8b9b0c85ae42",
                "type": "forward"
              }
            ],
            "id": "arn:aws:elasticloadbalancing:us-east-1:992382545251:listener/app/limor-cluster-alb/41fefb5752105186/29d36090392232b3",
            "load_balancer_arn": "arn:aws:elasticloadbalancing:us-east-1:992382545251:loadbalancer/app/limor-cluster-alb/41fefb5752105186",
            "mutual_authentication": [
              {
                "ignore_client_certificate_expiry": false,
                "mode": "off",
                "trust_store_arn": ""
              }
            ],
            "port": 443,
            "protocol": "HTTPS",
            "ssl_policy": "ELBSecurityPolicy-2016-08",
            "tags": null,
            "tags_all": {},
            "tcp_idle_timeout_seconds": null,
            "timeouts": null
          },
          "sensitive_attributes": [],
          "private": "eyJlMmJmYjczMC1lY2FhLTExZTYtOGY4OC0zNDM2M2JjN2M0YzAiOnsiY3JlYXRlIjozMDAwMDAwMDAwMDAsInVwZGF0ZSI6MzAwMDAwMDAwMDAwfX0=",
          "dependencies": [
            "aws_lb.application_load_balancer",
            "aws_lb_target_group.nginx_tg",
            "aws_security_group.alb_sg",
            "data.aws_subnet.public_subnets",
            "data.aws_vpc.existing_vpc"
          ]
        }
      ]
    },
    {
      "mode": "managed",
      "type": "aws_lb_target_group",
      "name": "nginx_tg",
      "provider": "provider[\"registry.terraform.io/hashicorp/aws\"]",
      "instances": [
        {
          "schema_version": 0,
          "attributes": {
            "arn": "arn:aws:elasticloadbalancing:us-east-1:992382545251:targetgroup/limor-cluster-nginx-tg/b35f8b9b0c85ae42",
            "arn_suffix": "targetgroup/limor-cluster-nginx-tg/b35f8b9b0c85ae42",
            "connection_termination": null,
            "deregistration_delay": "300",
            "health_check": [
              {
                "enabled": true,
                "healthy_threshold": 2,
                "interval": 30,
                "matcher": "200-399",
                "path": "/",
                "port": "traffic-port",
                "protocol": "HTTP",
                "timeout": 5,
                "unhealthy_threshold": 2
              }
            ],
            "id": "arn:aws:elasticloadbalancing:us-east-1:992382545251:targetgroup/limor-cluster-nginx-tg/b35f8b9b0c85ae42",
            "ip_address_type": "ipv4",
            "lambda_multi_value_headers_enabled": false,
            "load_balancer_arns": [
              "arn:aws:elasticloadbalancing:us-east-1:992382545251:loadbalancer/app/limor-cluster-alb/41fefb5752105186"
            ],
            "load_balancing_algorithm_type": "round_robin",
            "load_balancing_anomaly_mitigation": "off",
            "load_balancing_cross_zone_enabled": "use_load_balancer_configuration",
            "name": "limor-cluster-nginx-tg",
            "name_prefix": "",
            "port": 80,
            "preserve_client_ip": null,
            "protocol": "HTTP",
            "protocol_version": "HTTP1",
            "proxy_protocol_v2": false,
            "slow_start": 0,
            "stickiness": [
              {
                "cookie_duration": 86400,
                "cookie_name": "",
                "enabled": false,
                "type": "lb_cookie"
              }
            ],
            "tags": {
              "Name": "limor-cluster-nginx-tg"
            },
            "tags_all": {
              "Name": "limor-cluster-nginx-tg"
            },
            "target_failover": [
              {
                "on_deregistration": null,
                "on_unhealthy": null
              }
            ],
            "target_group_health": [
              {
                "dns_failover": [
                  {
                    "minimum_healthy_targets_count": "1",
                    "minimum_healthy_targets_percentage": "off"
                  }
                ],
                "unhealthy_state_routing": [
                  {
                    "minimum_healthy_targets_count": 1,
                    "minimum_healthy_targets_percentage": "off"
                  }
                ]
              }
            ],
            "target_health_state": [
              {
                "enable_unhealthy_connection_termination": null,
                "unhealthy_draining_interval": null
              }
            ],
            "target_type": "instance",
            "vpc_id": "vpc-0adf5159595ef567c"
          },
          "sensitive_attributes": [],
          "private": "bnVsbA==",
          "dependencies": [
            "data.aws_vpc.existing_vpc"
          ]
        }
      ]
    },
    {
      "mode": "managed",
      "type": "aws_lb_target_group_attachment",
      "name": "nginx_service_attachment",
      "provider": "provider[\"registry.terraform.io/hashicorp/aws\"]",
      "instances": [
        {
          "schema_version": 0,
          "attributes": {
            "availability_zone": null,
            "id": "arn:aws:elasticloadbalancing:us-east-1:992382545251:targetgroup/limor-cluster-nginx-tg/b35f8b9b0c85ae42-20241031184618893200000001",
            "port": 80,
            "target_group_arn": "arn:aws:elasticloadbalancing:us-east-1:992382545251:targetgroup/limor-cluster-nginx-tg/b35f8b9b0c85ae42",
            "target_id": "i-0cff90d1e4caea61d"
          },
          "sensitive_attributes": [],
          "private": "bnVsbA==",
          "dependencies": [
            "aws_lb_target_group.nginx_tg",
            "data.aws_vpc.existing_vpc"
          ]
        }
      ]
    },
    {
      "mode": "managed",
      "type": "aws_security_group",
      "name": "alb_sg",
      "provider": "provider[\"registry.terraform.io/hashicorp/aws\"]",
      "instances": [
        {
          "schema_version": 1,
          "attributes": {
            "arn": "arn:aws:ec2:us-east-1:992382545251:security-group/sg-0c14ab35026e2385a",
            "description": "Security group for ALB",
            "egress": [
              {
                "cidr_blocks": [
                  "0.0.0.0/0"
                ],
                "description": "",
                "from_port": 0,
                "ipv6_cidr_blocks": [],
                "prefix_list_ids": [],
                "protocol": "-1",
                "security_groups": [],
                "self": false,
                "to_port": 0
              }
            ],
            "id": "sg-0c14ab35026e2385a",
            "ingress": [
              {
                "cidr_blocks": [
                  "0.0.0.0/0"
                ],
                "description": "",
                "from_port": 443,
                "ipv6_cidr_blocks": [],
                "prefix_list_ids": [],
                "protocol": "tcp",
                "security_groups": [],
                "self": false,
                "to_port": 443
              },
              {
                "cidr_blocks": [
                  "0.0.0.0/0"
                ],
                "description": null,
                "from_port": 80,
                "ipv6_cidr_blocks": [],
                "prefix_list_ids": [],
                "protocol": "tcp",
                "security_groups": [],
                "self": false,
                "to_port": 80
              }
            ],
            "name": "limor-cluster-alb-sg",
            "name_prefix": "",
            "owner_id": "992382545251",
            "revoke_rules_on_delete": false,
            "tags": {
              "Name": "limor-cluster-alb-sg"
            },
            "tags_all": {
              "Name": "limor-cluster-alb-sg"
            },
            "timeouts": null,
            "vpc_id": "vpc-0adf5159595ef567c"
          },
          "sensitive_attributes": [],
          "private": "eyJlMmJmYjczMC1lY2FhLTExZTYtOGY4OC0zNDM2M2JjN2M0YzAiOnsiY3JlYXRlIjo2MDAwMDAwMDAwMDAsImRlbGV0ZSI6OTAwMDAwMDAwMDAwfSwic2NoZW1hX3ZlcnNpb24iOiIxIn0=",
          "dependencies": [
            "data.aws_vpc.existing_vpc"
          ]
        }
      ]
    }
  ],
  "check_results": null
}
